{
  "version": 4,
  "terraform_version": "1.3.3",
  "serial": 8,
  "lineage": "7c5a7e1a-accb-a088-6d4a-9f921ae5e3cb",
  "outputs": {},
  "resources": [
    {
      "mode": "managed",
      "type": "rancher2_cloud_credential",
      "name": "foo",
      "provider": "provider[\"registry.terraform.io/rancher/rancher2\"]",
      "instances": [
        {
          "schema_version": 0,
          "attributes": {
            "amazonec2_credential_config": [
              {
                "access_key": "AKIA5XKRA3XYNH33SHJZ",
                "default_region": "",
                "secret_key": "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"
              }
            ],
            "annotations": {},
            "azure_credential_config": [],
            "description": "foo test",
            "digitalocean_credential_config": [],
            "driver": "amazonec2",
            "google_credential_config": [],
            "harvester_credential_config": [],
            "id": "cattle-global-data:cc-d8g99",
            "labels": {
              "cattle.io/creator": "norman"
            },
            "linode_credential_config": [],
            "name": "foo",
            "openstack_credential_config": [],
            "s3_credential_config": [],
            "timeouts": null,
            "vsphere_credential_config": []
          },
          "sensitive_attributes": [],
          "private": "eyJlMmJmYjczMC1lY2FhLTExZTYtOGY4OC0zNDM2M2JjN2M0YzAiOnsiY3JlYXRlIjo2MDAwMDAwMDAwMDAsImRlbGV0ZSI6NjAwMDAwMDAwMDAwLCJ1cGRhdGUiOjYwMDAwMDAwMDAwMH19"
        }
      ]
    },
    {
      "mode": "managed",
      "type": "rancher2_node_pool",
      "name": "masters",
      "provider": "provider[\"registry.terraform.io/rancher/rancher2\"]",
      "instances": []
    },
    {
      "mode": "managed",
      "type": "rancher2_node_pool",
      "name": "worker",
      "provider": "provider[\"registry.terraform.io/rancher/rancher2\"]",
      "instances": []
    },
    {
      "mode": "managed",
      "type": "rancher2_node_template",
      "name": "foo",
      "provider": "provider[\"registry.terraform.io/rancher/rancher2\"]",
      "instances": [
        {
          "schema_version": 0,
          "attributes": {
            "amazonec2_config": [
              {
                "access_key": "",
                "ami": "ami-0f540e9f488cfa27d",
                "block_duration_minutes": "0",
                "device_name": "/dev/sda1",
                "encrypt_ebs_volume": false,
                "endpoint": "",
                "http_endpoint": "",
                "http_tokens": "",
                "iam_instance_profile": "master_profile",
                "insecure_transport": false,
                "instance_type": "t2.micro",
                "keypair_name": "",
                "kms_key": "",
                "monitoring": false,
                "open_port": [],
                "private_address_only": false,
                "region": "eu-west-2",
                "request_spot_instance": false,
                "retries": "5",
                "root_size": "16",
                "secret_key": "",
                "security_group": [
                  "eu-west-2-aws_network-bastion-sg"
                ],
                "security_group_readonly": false,
                "session_token": "",
                "spot_price": "0.50",
                "ssh_keypath": "",
                "ssh_user": "ubuntu",
                "subnet_id": "subnet-0a5cff92348dec4a2",
                "tags": "",
                "use_ebs_optimized_instance": false,
                "use_private_address": false,
                "userdata": "#!/bin/bash\nsudo apt update \u0026\u0026 sudo apt -y full-upgrade\nsudo apt install curl gnupg2 apt-transport-https software-properties-common ca-certificates -y\n#DOCKER\ncurl -fsSL https://download.docker.com/linux/debian/gpg | sudo gpg --dearmor -o /etc/apt/trusted.gpg.d/docker-archive-keyring.gpg\necho \"deb [arch=amd64] https://download.docker.com/linux/debian bullseye stable\" | sudo tee  /etc/apt/sources.list.d/docker.list\nsudo apt update\nsudo apt install docker-ce docker-ce-cli containerd.io -y\nsudo usermod -aG docker $USER",
                "volume_type": "gp2",
                "vpc_id": "vpc-036e7e851fa92a6e7",
                "zone": "a"
              }
            ],
            "annotations": {
              "ownerBindingsCreated": "true"
            },
            "auth_certificate_authority": null,
            "auth_key": null,
            "azure_config": [],
            "cloud_credential_id": "cattle-global-data:cc-d8g99",
            "description": "foo test",
            "digitalocean_config": [],
            "driver": "amazonec2",
            "driver_id": "amazonec2",
            "engine_env": null,
            "engine_insecure_registry": null,
            "engine_install_url": "#!/bin/bash\nsudo apt update \u0026\u0026 sudo apt -y full-upgrade\nsudo apt install curl gnupg2 apt-transport-https software-properties-common ca-certificates -y\n#DOCKER\ncurl -fsSL https://download.docker.com/linux/debian/gpg | sudo gpg --dearmor -o /etc/apt/trusted.gpg.d/docker-archive-keyring.gpg\necho \"deb [arch=amd64] https://download.docker.com/linux/debian bullseye stable\" | sudo tee  /etc/apt/sources.list.d/docker.list\nsudo apt update\nsudo apt install docker-ce docker-ce-cli containerd.io -y\nsudo usermod -aG docker $USER",
            "engine_label": null,
            "engine_opt": null,
            "engine_registry_mirror": null,
            "engine_storage_driver": null,
            "harvester_config": [],
            "hetzner_config": [],
            "id": "cattle-global-nt:nt-hptrr",
            "labels": {
              "cattle.io/creator": "norman"
            },
            "linode_config": [],
            "name": "foo",
            "node_taints": [],
            "opennebula_config": [],
            "openstack_config": [],
            "outscale_config": [],
            "timeouts": null,
            "use_internal_ip_address": true,
            "vsphere_config": []
          },
          "sensitive_attributes": [],
          "private": "eyJlMmJmYjczMC1lY2FhLTExZTYtOGY4OC0zNDM2M2JjN2M0YzAiOnsiY3JlYXRlIjo2MDAwMDAwMDAwMDAsImRlbGV0ZSI6NjAwMDAwMDAwMDAwLCJ1cGRhdGUiOjYwMDAwMDAwMDAwMH19",
          "dependencies": [
            "rancher2_cloud_credential.foo"
          ]
        }
      ]
    }
  ],
  "check_results": []
}
